
Microsoft Visual Studio Solution File, Format Version 12.00
# Visual Studio 15
VisualStudioVersion = 15.0.28307.757
MinimumVisualStudioVersion = 10.0.40219.1
Project("{9A19103F-16F7-4668-BE54-9A1E7A4F7556}") = "Modelo.API", "src\Modelo.API.csproj", "{1A2B5D6A-EC84-4025-8028-B90BBFF80C8D}"
EndProject
Global
	GlobalSection(SolutionConfigurationPlatforms) = preSolution
		Debug|Any CPU = Debug|Any CPU
		Release|Any CPU = Release|Any CPU
	EndGlobalSection
	GlobalSection(ProjectConfigurationPlatforms) = postSolution
		{1A2B5D6A-EC84-4025-8028-B90BBFF80C8D}.Debug|Any CPU.ActiveCfg = Debug|Any CPU
		{1A2B5D6A-EC84-4025-8028-B90BBFF80C8D}.Debug|Any CPU.Build.0 = Debug|Any CPU
		{1A2B5D6A-EC84-4025-8028-B90BBFF80C8D}.Release|Any CPU.ActiveCfg = Release|Any CPU
		{1A2B5D6A-EC84-4025-8028-B90BBFF80C8D}.Release|Any CPU.Build.0 = Release|Any CPU
	EndGlobalSection
	GlobalSection(SolutionProperties) = preSolution
		HideSolutionNode = FALSE
	EndGlobalSection
	GlobalSection(ExtensibilityGlobals) = postSolution
		SolutionGuid = {7AB945B9-1D1E-4984-8616-AA601184EA79}
	EndGlobalSection
EndGlobal
